// !$*UTF8*$!
{
	archiveVersion = 1;
	classes = {
	};
	objectVersion = 50;
	objects = {

/* Begin PBXBuildFile section */
		1B5802AA2654935F00CBF04A /* AppDelegate.swift in Sources */ = {isa = PBXBuildFile; fileRef = 1B5802A92654935F00CBF04A /* AppDelegate.swift */; };
		1B5802AC2654935F00CBF04A /* SceneDelegate.swift in Sources */ = {isa = PBXBuildFile; fileRef = 1B5802AB2654935F00CBF04A /* SceneDelegate.swift */; };
		1B5802AE2654935F00CBF04A /* ViewController.swift in Sources */ = {isa = PBXBuildFile; fileRef = 1B5802AD2654935F00CBF04A /* ViewController.swift */; };
		1B5802B12654935F00CBF04A /* Main.storyboard in Resources */ = {isa = PBXBuildFile; fileRef = 1B5802AF2654935F00CBF04A /* Main.storyboard */; };
		1B5802B32654936200CBF04A /* Assets.xcassets in Resources */ = {isa = PBXBuildFile; fileRef = 1B5802B22654936200CBF04A /* Assets.xcassets */; };
		1B5802B62654936200CBF04A /* LaunchScreen.storyboard in Resources */ = {isa = PBXBuildFile; fileRef = 1B5802B42654936200CBF04A /* LaunchScreen.storyboard */; };
		1B5802C226549E1700CBF04A /* kremlin.jpg in Resources */ = {isa = PBXBuildFile; fileRef = 1B5802BD26549E1600CBF04A /* kremlin.jpg */; };
		1B5802C326549E1700CBF04A /* stonehenge.jpg in Resources */ = {isa = PBXBuildFile; fileRef = 1B5802BE26549E1600CBF04A /* stonehenge.jpg */; };
		1B5802C426549E1700CBF04A /* greatwall.jpg in Resources */ = {isa = PBXBuildFile; fileRef = 1B5802BF26549E1600CBF04A /* greatwall.jpg */; };
		1B5802C526549E1700CBF04A /* tajmahal.jpg in Resources */ = {isa = PBXBuildFile; fileRef = 1B5802C026549E1700CBF04A /* tajmahal.jpg */; };
		1B5802C626549E1700CBF04A /* colesseum.jpg in Resources */ = {isa = PBXBuildFile; fileRef = 1B5802C126549E1700CBF04A /* colesseum.jpg */; };
		1BB336772656FD89005049A3 /* imageViewController.swift in Sources */ = {isa = PBXBuildFile; fileRef = 1BB336762656FD89005049A3 /* imageViewController.swift */; };
/* End PBXBuildFile section */

/* Begin PBXFileReference section */
		1B5802A62654935F00CBF04A /* LandmarkBook.app */ = {isa = PBXFileReference; explicitFileType = wrapper.application; includeInIndex = 0; path = LandmarkBook.app; sourceTree = BUILT_PRODUCTS_DIR; };
		1B5802A92654935F00CBF04A /* AppDelegate.swift */ = {isa = PBXFileReference; lastKnownFileType = sourcecode.swift; path = AppDelegate.swift; sourceTree = "<group>"; };
		1B5802AB2654935F00CBF04A /* SceneDelegate.swift */ = {isa = PBXFileReference; lastKnownFileType = sourcecode.swift; path = SceneDelegate.swift; sourceTree = "<group>"; };
		1B5802AD2654935F00CBF04A /* ViewController.swift */ = {isa = PBXFileReference; lastKnownFileType = sourcecode.swift; path = ViewController.swift; sourceTree = "<group>"; };
		1B5802B02654935F00CBF04A /* Base */ = {isa = PBXFileReference; lastKnownFileType = file.storyboard; name = Base; path = Base.lproj/Main.storyboard; sourceTree = "<group>"; };
		1B5802B22654936200CBF04A /* Assets.xcassets */ = {isa = PBXFileReference; lastKnownFileType = folder.assetcatalog; path = Assets.xcassets; sourceTree = "<group>"; };
		1B5802B52654936200CBF04A /* Base */ = {isa = PBXFileReference; lastKnownFileType = file.storyboard; name = Base; path = Base.lproj/LaunchScreen.storyboard; sourceTree = "<group>"; };
		1B5802B72654936200CBF04A /* Info.plist */ = {isa = PBXFileReference; lastKnownFileType = text.plist.xml; path = Info.plist; sourceTree = "<group>"; };
		1B5802BD26549E1600CBF04A /* kremlin.jpg */ = {isa = PBXFileReference; lastKnownFileType = image.jpeg; path = kremlin.jpg; sourceTree = "<group>"; };
		1B5802BE26549E1600CBF04A /* stonehenge.jpg */ = {isa = PBXFileReference; lastKnownFileType = image.jpeg; path = stonehenge.jpg; sourceTree = "<group>"; };
		1B5802BF26549E1600CBF04A /* greatwall.jpg */ = {isa = PBXFileReference; lastKnownFileType = image.jpeg; path = greatwall.jpg; sourceTree = "<group>"; };
		1B5802C026549E1700CBF04A /* tajmahal.jpg */ = {isa = PBXFileReference; lastKnownFileType = image.jpeg; path = tajmahal.jpg; sourceTree = "<group>"; };
		1B5802C126549E1700CBF04A /* colesseum.jpg */ = {isa = PBXFileReference; lastKnownFileType = image.jpeg; path = colesseum.jpg; sourceTree = "<group>"; };
		1BB336762656FD89005049A3 /* imageViewController.swift */ = {isa = PBXFileReference; lastKnownFileType = sourcecode.swift; path = imageViewController.swift; sourceTree = "<group>"; };
/* End PBXFileReference section */

/* Begin PBXFrameworksBuildPhase section */
		1B5802A32654935F00CBF04A /* Frameworks */ = {
			isa = PBXFrameworksBuildPhase;
			buildActionMask = 2147483647;
			files = (
			);
			runOnlyForDeploymentPostprocessing = 0;
		};
/* End PBXFrameworksBuildPhase section */

/* Begin PBXGroup section */
		1B58029D2654935F00CBF04A = {
			isa = PBXGroup;
			children = (
				1B5802A82654935F00CBF04A /* LandmarkBook */,
				1B5802A72654935F00CBF04A /* Products */,
			);
			sourceTree = "<group>";
		};
		1B5802A72654935F00CBF04A /* Products */ = {
			isa = PBXGroup;
			children = (
				1B5802A62654935F00CBF04A /* LandmarkBook.app */,
			);
			name = Products;
			sourceTree = "<group>";
		};
		1B5802A82654935F00CBF04A /* LandmarkBook */ = {
			isa = PBXGroup;
			children = (
				1B5802C126549E1700CBF04A /* colesseum.jpg */,
				1B5802BF26549E1600CBF04A /* greatwall.jpg */,
				1B5802BD26549E1600CBF04A /* kremlin.jpg */,
				1B5802BE26549E1600CBF04A /* stonehenge.jpg */,
				1B5802C026549E1700CBF04A /* tajmahal.jpg */,
				1B5802A92654935F00CBF04A /* AppDelegate.swift */,
				1B5802AB2654935F00CBF04A /* SceneDelegate.swift */,
				1B5802AD2654935F00CBF04A /* ViewController.swift */,
				1BB336762656FD89005049A3 /* imageViewController.swift */,
				1B5802AF2654935F00CBF04A /* Main.storyboard */,
				1B5802B22654936200CBF04A /* Assets.xcassets */,
				1B5802B42654936200CBF04A /* LaunchScreen.storyboard */,
				1B5802B72654936200CBF04A /* Info.plist */,
			);
			path = LandmarkBook;
			sourceTree = "<group>";
		};
/* End PBXGroup section */

/* Begin PBXNativeTarget section */
		1B5802A52654935F00CBF04A /* LandmarkBook */ = {
			isa = PBXNativeTarget;
			buildConfigurationList = 1B5802BA2654936200CBF04A /* Build configuration list for PBXNativeTarget "LandmarkBook" */;
			buildPhases = (
				1B5802A22654935F00CBF04A /* Sources */,
				1B5802A32654935F00CBF04A /* Frameworks */,
				1B5802A42654935F00CBF04A /* Resources */,
			);
			buildRules = (
			);
			dependencies = (
			);
			name = LandmarkBook;
			productName = LandmarkBook;
			productReference = 1B5802A62654935F00CBF04A /* LandmarkBook.app */;
			productType = "com.apple.product-type.application";
		};
/* End PBXNativeTarget section */

/* Begin PBXProject section */
		1B58029E2654935F00CBF04A /* Project object */ = {
			isa = PBXProject;
			attributes = {
				LastSwiftUpdateCheck = 1250;
				LastUpgradeCheck = 1250;
				TargetAttributes = {
					1B5802A52654935F00CBF04A = {
						CreatedOnToolsVersion = 12.5;
					};
				};
			};
			buildConfigurationList = 1B5802A12654935F00CBF04A /* Build configuration list for PBXProject "LandmarkBook" */;
			compatibilityVersion = "Xcode 9.3";
			developmentRegion = en;
			hasScannedForEncodings = 0;
			knownRegions = (
				en,
				Base,
			);
			mainGroup = 1B58029D2654935F00CBF04A;
			productRefGroup = 1B5802A72654935F00CBF04A /* Products */;
			projectDirPath = "";
			projectRoot = "";
			targets = (
				1B5802A52654935F00CBF04A /* LandmarkBook */,
			);
		};
/* End PBXProject section */

/* Begin PBXResourcesBuildPhase section */
		1B5802A42654935F00CBF04A /* Resources */ = {
			isa = PBXResourcesBuildPhase;
			buildActionMask = 2147483647;
			files = (
				1B5802C326549E1700CBF04A /* stonehenge.jpg in Resources */,
				1B5802C226549E1700CBF04A /* kremlin.jpg in Resources */,
				1B5802B62654936200CBF04A /* LaunchScreen.storyboard in Resources */,
				1B5802C526549E1700CBF04A /* tajmahal.jpg in Resources */,
				1B5802C626549E1700CBF04A /* colesseum.jpg in Resources */,
				1B5802B32654936200CBF04A /* Assets.xcassets in Resources */,
				1B5802B12654935F00CBF04A /* Main.storyboard in Resources */,
				1B5802C426549E1700CBF04A /* greatwall.jpg in Resources */,
			);
			runOnlyForDeploymentPostprocessing = 0;
		};
/* End PBXResourcesBuildPhase section */

/* Begin PBXSourcesBuildPhase section */
		1B5802A22654935F00CBF04A /* Sources */ = {
			isa = PBXSourcesBuildPhase;
			buildActionMask = 2147483647;
			files = (
				1B5802AE2654935F00CBF04A /* ViewController.swift in Sources */,
				1B5802AA2654935F00CBF04A /* AppDelegate.swift in Sources */,
				1BB336772656FD89005049A3 /* imageViewController.swift in Sources */,
				1B5802AC2654935F00CBF04A /* SceneDelegate.swift in Sources */,
			);
			runOnlyForDeploymentPostprocessing = 0;
		};
/* End PBXSourcesBuildPhase section */

/* Begin PBXVariantGroup section */
		1B5802AF2654935F00CBF04A /* Main.storyboard */ = {
			isa = PBXVariantGroup;
			children = (
				1B5802B02654935F00CBF04A /* Base */,
			);
			name = Main.storyboard;
			sourceTree = "<group>";
		};
		1B5802B42654936200CBF04A /* LaunchScreen.storyboard */ = {
			isa = PBXVariantGroup;
			children = (
				1B5802B52654936200CBF04A /* Base */,
			);
			name = LaunchScreen.storyboard;
			sourceTree = "<group>";
		};
/* End PBXVariantGroup section */

/* Begin XCBuildConfiguration section */
		1B5802B82654936200CBF04A /* Debug */ = {
			isa = XCBuildConfiguration;
			buildSettings = {
				ALWAYS_SEARCH_USER_PATHS = NO;
				CLANG_ANALYZER_NONNULL = YES;
				CLANG_ANALYZER_NUMBER_OBJECT_CONVERSION = YES_AGGRESSIVE;
				CLANG_CXX_LANGUAGE_STANDARD = "gnu++14";
				CLANG_CXX_LIBRARY = "libc++";
				CLANG_ENABLE_MODULES = YES;
				CLANG_ENABLE_OBJC_ARC = YES;
				CLANG_ENABLE_OBJC_WEAK = YES;
				CLANG_WARN_BLOCK_CAPTURE_AUTORELEASING = YES;
				CLANG_WARN_BOOL_CONVERSION = YES;
				CLANG_WARN_COMMA = YES;
				CLANG_WARN_CONSTANT_CONVERSION = YES;
				CLANG_WARN_DEPRECATED_OBJC_IMPLEMENTATIONS = YES;
				CLANG_WARN_DIRECT_OBJC_ISA_USAGE = YES_ERROR;
				CLANG_WARN_DOCUMENTATION_COMMENTS = YES;
				CLANG_WARN_EMPTY_BODY = YES;
				CLANG_WARN_ENUM_CONVERSION = YES;
				CLANG_WARN_INFINITE_RECURSION = YES;
				CLANG_WARN_INT_CONVERSION = YES;
				CLANG_WARN_NON_LITERAL_NULL_CONVERSION = YES;
				CLANG_WARN_OBJC_IMPLICIT_RETAIN_SELF = YES;
				CLANG_WARN_OBJC_LITERAL_CONVERSION = YES;
				CLANG_WARN_OBJC_ROOT_CLASS = YES_ERROR;
				CLANG_WARN_QUOTED_INCLUDE_IN_FRAMEWORK_HEADER = YES;
				CLANG_WARN_RANGE_LOOP_ANALYSIS = YES;
				CLANG_WARN_STRICT_PROTOTYPES = YES;
				CLANG_WARN_SUSPICIOUS_MOVE = YES;
				CLANG_WARN_UNGUARDED_AVAILABILITY = YES_AGGRESSIVE;
				CLANG_WARN_UNREACHABLE_CODE = YES;
				CLANG_WARN__DUPLICATE_METHOD_MATCH = YES;
				COPY_PHASE_STRIP = NO;
				DEBUG_INFORMATION_FORMAT = dwarf;
				ENABLE_STRICT_OBJC_MSGSEND = YES;
				ENABLE_TESTABILITY = YES;
				GCC_C_LANGUAGE_STANDARD = gnu11;
				GCC_DYNAMIC_NO_PIC = NO;
				GCC_NO_COMMON_BLOCKS = YES;
				GCC_OPTIMIZATION_LEVEL = 0;
				GCC_PREPROCESSOR_DEFINITIONS = (
					"DEBUG=1",
					"$(inherited)",
				);
				GCC_WARN_64_TO_32_BIT_CONVERSION = YES;
				GCC_WARN_ABOUT_RETURN_TYPE = YES_ERROR;
				GCC_WARN_UNDECLARED_SELECTOR = YES;
				GCC_WARN_UNINITIALIZED_AUTOS = YES_AGGRESSIVE;
				GCC_WARN_UNUSED_FUNCTION = YES;
				GCC_WARN_UNUSED_VARIABLE = YES;
				IPHONEOS_DEPLOYMENT_TARGET = 14.5;
				MTL_ENABLE_DEBUG_INFO = INCLUDE_SOURCE;
				MTL_FAST_MATH = YES;
				ONLY_ACTIVE_ARCH = YES;
				SDKROOT = iphoneos;
				SWIFT_ACTIVE_COMPILATION_CONDITIONS = DEBUG;
				SWIFT_OPTIMIZATION_LEVEL = "-Onone";
			};
			name = Debug;
		};
		1B5802B92654936200CBF04A /* Release */ = {
			isa = XCBuildConfiguration;
			buildSettings = {
				ALWAYS_SEARCH_USER_PATHS = NO;
				CLANG_ANALYZER_NONNULL = YES;
				CLANG_ANALYZER_NUMBER_OBJECT_CONVERSION = YES_AGGRESSIVE;
				CLANG_CXX_LANGUAGE_STANDARD = "gnu++14";
				CLANG_CXX_LIBRARY = "libc++";
				CLANG_ENABLE_MODULES = YES;
				CLANG_ENABLE_OBJC_ARC = YES;
				CLANG_ENABLE_OBJC_WEAK = YES;
				CLANG_WARN_BLOCK_CAPTURE_AUTORELEASING = YES;
				CLANG_WARN_BOOL_CONVERSION = YES;
				CLANG_WARN_COMMA = YES;
				CLANG_WARN_CONSTANT_CONVERSION = YES;
				CLANG_WARN_DEPRECATED_OBJC_IMPLEMENTATIONS = YES;
				CLANG_WARN_DIRECT_OBJC_ISA_USAGE = YES_ERROR;
				CLANG_WARN_DOCUMENTATION_COMMENTS = YES;
				CLANG_WARN_EMPTY_BODY = YES;
				CLANG_WARN_ENUM_CONVERSION = YES;
				CLANG_WARN_INFINITE_RECURSION = YES;
				CLANG_WARN_INT_CONVERSION = YES;
				CLANG_WARN_NON_LITERAL_NULL_CONVERSION = YES;
				CLANG_WARN_OBJC_IMPLICIT_RETAIN_SELF = YES;
				CLANG_WARN_OBJC_LITERAL_CONVERSION = YES;
				CLANG_WARN_OBJC_ROOT_CLASS = YES_ERROR;
				CLANG_WARN_QUOTED_INCLUDE_IN_FRAMEWORK_HEADER = YES;
				CLANG_WARN_RANGE_LOOP_ANALYSIS = YES;
				CLANG_WARN_STRICT_PROTOTYPES = YES;
				CLANG_WARN_SUSPICIOUS_MOVE = YES;
				CLANG_WARN_UNGUARDED_AVAILABILITY = YES_AGGRESSIVE;
				CLANG_WARN_UNREACHABLE_CODE = YES;
				CLANG_WARN__DUPLICATE_METHOD_MATCH = YES;
				COPY_PHASE_STRIP = NO;
				DEBUG_INFORMATION_FORMAT = "dwarf-with-dsym";
				ENABLE_NS_ASSERTIONS = NO;
				ENABLE_STRICT_OBJC_MSGSEND = YES;
				GCC_C_LANGUAGE_STANDARD = gnu11;
				GCC_NO_COMMON_BLOCKS = YES;
				GCC_WARN_64_TO_32_BIT_CONVERSION = YES;
				GCC_WARN_ABOUT_RETURN_TYPE = YES_ERROR;
				GCC_WARN_UNDECLARED_SELECTOR = YES;
				GCC_WARN_UNINITIALIZED_AUTOS = YES_AGGRESSIVE;
				GCC_WARN_UNUSED_FUNCTION = YES;
				GCC_WARN_UNUSED_VARIABLE = YES;
				IPHONEOS_DEPLOYMENT_TARGET = 14.5;
				MTL_ENABLE_DEBUG_INFO = NO;
				MTL_FAST_MATH = YES;
				SDKROOT = iphoneos;
				SWIFT_COMPILATION_MODE = wholemodule;
				SWIFT_OPTIMIZATION_LEVEL = "-O";
				VALIDATE_PRODUCT = YES;
			};
			name = Release;
		};
		1B5802BB2654936200CBF04A /* Debug */ = {
			isa = XCBuildConfiguration;
			buildSettings = {
				ASSETCATALOG_COMPILER_APPICON_NAME = AppIcon;
				ASSETCATALOG_COMPILER_GLOBAL_ACCENT_COLOR_NAME = AccentColor;
				CODE_SIGN_STYLE = Automatic;
				DEVELOPMENT_TEAM = 5MNU4WM44M;
				INFOPLIST_FILE = LandmarkBook/Info.plist;
				LD_RUNPATH_SEARCH_PATHS = (
					"$(inherited)",
					"@executable_path/Frameworks",
				);
				PRODUCT_BUNDLE_IDENTIFIER = com.sinankulen.LandmarkBook;
				PRODUCT_NAME = "$(TARGET_NAME)";
				SWIFT_VERSION = 5.0;
				TARGETED_DEVICE_FAMILY = "1,2";
			};
			name = Debug;
		};
		1B5802BC2654936200CBF04A /* Release */ = {
			isa = XCBuildConfiguration;
			buildSettings = {
				ASSETCATALOG_COMPILER_APPICON_NAME = AppIcon;
				ASSETCATALOG_COMPILER_GLOBAL_ACCENT_COLOR_NAME = AccentColor;
				CODE_SIGN_STYLE = Automatic;
				DEVELOPMENT_TEAM = 5MNU4WM44M;
				INFOPLIST_FILE = LandmarkBook/Info.plist;
				LD_RUNPATH_SEARCH_PATHS = (
					"$(inherited)",
					"@executable_path/Frameworks",
				);
				PRODUCT_BUNDLE_IDENTIFIER = com.sinankulen.LandmarkBook;
				PRODUCT_NAME = "$(TARGET_NAME)";
				SWIFT_VERSION = 5.0;
				TARGETED_DEVICE_FAMILY = "1,2";
			};
			name = Release;
		};
/* End XCBuildConfiguration section */

/* Begin XCConfigurationList section */
		1B5802A12654935F00CBF04A /* Build configuration list for PBXProject "LandmarkBook" */ = {
			isa = XCConfigurationList;
			buildConfigurations = (
				1B5802B82654936200CBF04A /* Debug */,
				1B5802B92654936200CBF04A /* Release */,
			);
			defaultConfigurationIsVisible = 0;
			defaultConfigurationName = Release;
		};
		1B5802BA2654936200CBF04A /* Build configuration list for PBXNativeTarget "LandmarkBook" */ = {
			isa = XCConfigurationList;
			buildConfigurations = (
				1B5802BB2654936200CBF04A /* Debug */,
				1B5802BC2654936200CBF04A /* Release */,
			);
			defaultConfigurationIsVisible = 0;
			defaultConfigurationName = Release;
		};
/* End XCConfigurationList section */
	};
	rootObject = 1B58029E2654935F00CBF04A /* Project object */;
}
